
Microsoft Visual Studio Solution File, Format Version 12.00
# Visual Studio Version 16
VisualStudioVersion = 16.0.29911.84
MinimumVisualStudioVersion = 10.0.40219.1
Project("{FAE04EC0-301F-11D3-BF4B-00C04F79EFBC}") = "Vector_Software_OOP_2", "Vector_Software_OOP_2\Vector_Software_OOP_2.csproj", "{C681364B-CD79-4DA2-A792-7B9A462C1EE1}"
EndProject
Global
	GlobalSection(SolutionConfigurationPlatforms) = preSolution
		Debug|Any CPU = Debug|Any CPU
		Release|Any CPU = Release|Any CPU
	EndGlobalSection
	GlobalSection(ProjectConfigurationPlatforms) = postSolution
		{C681364B-CD79-4DA2-A792-7B9A462C1EE1}.Debug|Any CPU.ActiveCfg = Debug|Any CPU
		{C681364B-CD79-4DA2-A792-7B9A462C1EE1}.Debug|Any CPU.Build.0 = Debug|Any CPU
		{C681364B-CD79-4DA2-A792-7B9A462C1EE1}.Release|Any CPU.ActiveCfg = Release|Any CPU
		{C681364B-CD79-4DA2-A792-7B9A462C1EE1}.Release|Any CPU.Build.0 = Release|Any CPU
	EndGlobalSection
	GlobalSection(SolutionProperties) = preSolution
		HideSolutionNode = FALSE
	EndGlobalSection
	GlobalSection(ExtensibilityGlobals) = postSolution
		SolutionGuid = {13ADADAA-915C-4400-814D-B538D5793680}
	EndGlobalSection
EndGlobal
